{"format_version":"1.0","provider_schemas":{"registry.terraform.io/civo/civo":{"provider":{"version":0,"block":{"attributes":{"region":{"type":"string","description":"If region is not set, then no region will be used and them you need expensify in every resource even if you expensify here you can overwrite in a resource.","description_kind":"plain","optional":true},"token":{"type":"string","description":"This is the Civo API token. Alternatively, this can also be specified using `CIVO_TOKEN` environment variable.","description_kind":"plain","optional":true}},"description_kind":"plain"}},"resource_schemas":{"civo_dns_domain_name":{"version":0,"block":{"attributes":{"account_id":{"type":"string","description":"The account ID of the domain","description_kind":"plain","computed":true},"id":{"type":"string","description_kind":"plain","optional":true,"computed":true},"name":{"type":"string","description":"The name of the domain","description_kind":"plain","required":true}},"description":"Provides a Civo DNS domain name resource.","description_kind":"plain"}},"civo_dns_domain_record":{"version":0,"block":{"attributes":{"account_id":{"type":"string","description":"The account ID of this resource","description_kind":"plain","computed":true},"created_at":{"type":"string","description":"Timestamp when this resource was created","description_kind":"plain","computed":true},"domain_id":{"type":"string","description":"ID from domain name","description_kind":"plain","required":true},"id":{"type":"string","description_kind":"plain","optional":true,"computed":true},"name":{"type":"string","description":"The portion before the domain name (e.g. www) or an @ for the apex/root domain (you cannot use an A record with an amex/root domain)","description_kind":"plain","required":true},"priority":{"type":"number","description":"Useful for MX records only, the priority mail should be attempted it (defaults to 10)","description_kind":"plain","optional":true},"ttl":{"type":"number","description":"How long caching DNS servers should cache this record for, in seconds (the minimum is 600 and the default if unspecified is 600)","description_kind":"plain","required":true},"type":{"type":"string","description":"The choice of RR type from a, cname, mx or txt","description_kind":"plain","required":true},"updated_at":{"type":"string","description":"Timestamp when this resource was updated","description_kind":"plain","computed":true},"value":{"type":"string","description":"The IP address (A or MX), hostname (CNAME or MX) or text value (TXT) to serve for this record","description_kind":"plain","required":true}},"description":"Provides a Civo DNS domain record resource.","description_kind":"plain"}},"civo_firewall":{"version":0,"block":{"attributes":{"create_default_rules":{"type":"bool","description":"The create rules flag is used to create the default firewall rules, if is not defined will be set to true","description_kind":"plain","optional":true},"id":{"type":"string","description_kind":"plain","optional":true,"computed":true},"name":{"type":"string","description":"The firewall name","description_kind":"plain","required":true},"network_id":{"type":"string","description":"The firewall network, if is not defined we use the default network","description_kind":"plain","optional":true,"computed":true},"region":{"type":"string","description":"The firewall region, if is not defined we use the global defined in the provider","description_kind":"plain","optional":true}},"description":"Provides a Civo firewall resource. This can be used to create, modify, and delete firewalls.","description_kind":"plain"}},"civo_firewall_rule":{"version":0,"block":{"attributes":{"action":{"type":"string","description":"The action of the rule can be allow or deny. When we set the `action = 'allow'`, this is going to add a rule to allow traffic. Similarly, setting `action = 'deny'` will deny the traffic.","description_kind":"plain","required":true},"cidr":{"type":["set","string"],"description":"The CIDR notation of the other end to affect, or a valid network CIDR (e.g. 0.0.0.0/0 to open for everyone or 1.2.3.4/32 to open just for a specific IP address)","description_kind":"plain","required":true},"direction":{"type":"string","description":"The direction of the rule can be ingress or egress","description_kind":"plain","required":true},"end_port":{"type":"string","description":"The end of the port range (this is optional, by default it will only apply to the single port listed in start_port)","description_kind":"plain","optional":true,"computed":true},"firewall_id":{"type":"string","description":"The Firewall ID","description_kind":"plain","required":true},"id":{"type":"string","description_kind":"plain","optional":true,"computed":true},"label":{"type":"string","description":"A string that will be the displayed name/reference for this rule","description_kind":"plain","optional":true,"computed":true},"protocol":{"type":"string","description":"The protocol choice from `tcp`, `udp` or `icmp` (the default if unspecified is `tcp`)","description_kind":"plain","optional":true,"computed":true},"region":{"type":"string","description":"The region for this rule","description_kind":"plain","optional":true,"computed":true},"start_port":{"type":"string","description":"The start of the port range to configure for this rule (or the single port if required)","description_kind":"plain","optional":true,"computed":true}},"description":"Provides a Civo firewall rule resource. This can be used to create, modify, and delete firewalls rules. This resource don't have an update option because Civo backend doesn't support it at this moment. In that case, we use `ForceNew` for all object in the resource.","description_kind":"plain"}},"civo_instance":{"version":0,"block":{"attributes":{"cpu_cores":{"type":"number","description":"Instance's CPU cores","description_kind":"plain","computed":true},"created_at":{"type":"string","description":"Timestamp when the instance was created","description_kind":"plain","computed":true},"disk_gb":{"type":"number","description":"Instance's disk (GB)","description_kind":"plain","computed":true},"disk_image":{"type":"string","description":"The ID for the disk image to use to build the instance","description_kind":"plain","optional":true,"computed":true},"firewall_id":{"type":"string","description":"The ID of the firewall to use, from the current list. If left blank or not sent, the default firewall will be used (open to all)","description_kind":"plain","optional":true,"computed":true},"hostname":{"type":"string","description":"A fully qualified domain name that should be set as the instance's hostname","description_kind":"plain","optional":true,"computed":true},"id":{"type":"string","description_kind":"plain","optional":true,"computed":true},"initial_password":{"type":"string","description":"Initial password for login","description_kind":"plain","computed":true,"sensitive":true},"initial_user":{"type":"string","description":"The name of the initial user created on the server (optional; this will default to the template's default_username and fallback to civo)","description_kind":"plain","optional":true},"network_id":{"type":"string","description":"This must be the ID of the network from the network listing (optional; default network used when not specified)","description_kind":"plain","optional":true,"computed":true},"notes":{"type":"string","description":"Add some notes to the instance","description_kind":"plain","optional":true},"private_ip":{"type":"string","description":"Instance's private IP address","description_kind":"plain","computed":true},"public_ip":{"type":"string","description":"Instance's public IP address","description_kind":"plain","computed":true},"public_ip_required":{"type":"string","description":"This should be either 'none' or 'create' (default: 'create')","description_kind":"plain","optional":true},"ram_mb":{"type":"number","description":"Instance's RAM (MB)","description_kind":"plain","computed":true},"region":{"type":"string","description":"The region for the instance, if not declare we use the region in declared in the provider","description_kind":"plain","optional":true},"reverse_dns":{"type":"string","description":"A fully qualified domain name that should be used as the instance's IP's reverse DNS (optional, uses the hostname if unspecified)","description_kind":"plain","optional":true},"script":{"type":"string","description":"The contents of a script that will be uploaded to /usr/local/bin/civo-user-init-script on your instance, read/write/executable only by root and then will be executed at the end of the cloud initialization","description_kind":"plain","optional":true},"size":{"type":"string","description":"The name of the size, from the current list, e.g. g3.xsmall","description_kind":"plain","optional":true},"source_id":{"type":"string","description":"Instance's source ID","description_kind":"plain","computed":true},"source_type":{"type":"string","description":"Instance's source type","description_kind":"plain","computed":true},"sshkey_id":{"type":"string","description":"The ID of an already uploaded SSH public key to use for login to the default user (optional; if one isn't provided a random password will be set and returned in the initial_password field)","description_kind":"plain","optional":true},"status":{"type":"string","description":"Instance's status","description_kind":"plain","computed":true},"tags":{"type":["set","string"],"description":"An optional list of tags, represented as a key, value pair","description_kind":"plain","optional":true},"template":{"type":"string","description":"The ID for the template to use to build the instance","description_kind":"plain","deprecated":true,"optional":true,"computed":true}},"block_types":{"timeouts":{"nesting_mode":"single","block":{"attributes":{"create":{"type":"string","description_kind":"plain","optional":true}},"description_kind":"plain"}}},"description":"Provides a Civo instance resource. This can be used to create, modify, and delete instances.","description_kind":"plain"}},"civo_instance_reserved_ip_assignment":{"version":0,"block":{"attributes":{"id":{"type":"string","description_kind":"plain","optional":true,"computed":true},"instance_id":{"type":"string","description":"The instance id","description_kind":"plain","required":true},"region":{"type":"string","description":"The region of the ip","description_kind":"plain","optional":true,"computed":true},"reserved_ip_id":{"type":"string","description":"The reserved ip id","description_kind":"plain","required":true}},"block_types":{"timeouts":{"nesting_mode":"single","block":{"attributes":{"create":{"type":"string","description_kind":"plain","optional":true}},"description_kind":"plain"}}},"description":"The instance reserved ip assignment resource schema definition","description_kind":"plain"}},"civo_kubernetes_cluster":{"version":0,"block":{"attributes":{"api_endpoint":{"type":"string","description":"The API server endpoint of the cluster","description_kind":"plain","computed":true},"applications":{"type":"string","description":"Comma separated list of applications to install. Spaces within application names are fine, but shouldn't be either side of the comma. Application names are case-sensitive; the available applications can be listed with the Civo CLI: 'civo kubernetes applications ls'. If you want to remove a default installed application, prefix it with a '-', e.g. -Traefik. For application that supports plans, you can use 'app_name:app_plan' format e.g. 'Linkerd:Linkerd \u0026 Jaeger' or 'MariaDB:5GB'.","description_kind":"plain","optional":true},"cni":{"type":"string","description":"The cni for the k3s to install (the default is `flannel`) valid options are `cilium` or `flannel`","description_kind":"plain","optional":true,"computed":true},"created_at":{"type":"string","description":"The timestamp when the cluster was created","description_kind":"plain","computed":true},"dns_entry":{"type":"string","description":"The DNS name of the cluster","description_kind":"plain","computed":true},"firewall_id":{"type":"string","description":"The existing firewall ID to use for this cluster","description_kind":"plain","required":true},"id":{"type":"string","description_kind":"plain","optional":true,"computed":true},"installed_applications":{"type":["list",["object",{"application":"string","category":"string","installed":"bool","version":"string"}]],"description_kind":"plain","computed":true},"kubeconfig":{"type":"string","description":"The kubeconfig of the cluster","description_kind":"plain","computed":true,"sensitive":true},"kubernetes_version":{"type":"string","description":"The version of k3s to install (optional, the default is currently the latest available)","description_kind":"plain","optional":true,"computed":true},"master_ip":{"type":"string","description":"The IP address of the master node","description_kind":"plain","computed":true},"name":{"type":"string","description":"Name for your cluster, must be unique within your account","description_kind":"plain","optional":true,"computed":true},"network_id":{"type":"string","description":"The network for the cluster, if not declare we use the default one","description_kind":"plain","optional":true,"computed":true},"num_target_nodes":{"type":"number","description":"The number of instances to create (optional, the default at the time of writing is 3)","description_kind":"plain","deprecated":true,"optional":true,"computed":true},"ready":{"type":"bool","description":"When cluster is ready, this will return `true`","description_kind":"plain","computed":true},"region":{"type":"string","description":"The region for the cluster, if not declare we use the region in declared in the provider","description_kind":"plain","optional":true,"computed":true},"status":{"type":"string","description":"Status of the cluster","description_kind":"plain","computed":true},"tags":{"type":"string","description":"Space separated list of tags, to be used freely as required","description_kind":"plain","optional":true},"target_nodes_size":{"type":"string","description":"The size of each node (optional, the default is currently g4s.kube.medium)","description_kind":"plain","deprecated":true,"optional":true,"computed":true}},"block_types":{"pools":{"nesting_mode":"list","block":{"attributes":{"instance_names":{"type":["list","string"],"description":"Instance names in the nodepool","description_kind":"plain","computed":true},"label":{"type":"string","description":"Node pool label, if you don't provide one, we will generate one for you","description_kind":"plain","optional":true,"computed":true},"node_count":{"type":"number","description":"Number of nodes in the nodepool","description_kind":"plain","required":true},"size":{"type":"string","description":"Size of the nodes in the nodepool","description_kind":"plain","required":true}},"description_kind":"plain"},"min_items":1,"max_items":1},"timeouts":{"nesting_mode":"single","block":{"attributes":{"create":{"type":"string","description_kind":"plain","optional":true},"delete":{"type":"string","description_kind":"plain","optional":true},"update":{"type":"string","description_kind":"plain","optional":true}},"description_kind":"plain"}}},"description":"Provides a Civo Kubernetes cluster resource. This can be used to create, delete, and modify clusters.","description_kind":"plain"}},"civo_kubernetes_node_pool":{"version":0,"block":{"attributes":{"cluster_id":{"type":"string","description":"The ID of your cluster","description_kind":"plain","required":true},"id":{"type":"string","description_kind":"plain","optional":true,"computed":true},"instance_names":{"type":["list","string"],"description":"Instance names in the nodepool","description_kind":"plain","computed":true},"label":{"type":"string","description":"Node pool label, if you don't provide one, we will generate one for you","description_kind":"plain","optional":true,"computed":true},"node_count":{"type":"number","description":"the number of instances to create (optional, the default at the time of writing is 3)","description_kind":"plain","optional":true,"computed":true},"num_target_nodes":{"type":"number","description":"the number of instances to create (optional, the default at the time of writing is 3)","description_kind":"plain","deprecated":true,"optional":true},"region":{"type":"string","description":"The region of the node pool, has to match that of the cluster","description_kind":"plain","required":true},"size":{"type":"string","description":"the size of each node (optional, the default is currently g4s.kube.medium)","description_kind":"plain","optional":true,"computed":true},"target_nodes_size":{"type":"string","description":"the size of each node (optional, the default is currently g4s.kube.medium)","description_kind":"plain","deprecated":true,"optional":true}},"block_types":{"timeouts":{"nesting_mode":"single","block":{"attributes":{"create":{"type":"string","description_kind":"plain","optional":true},"delete":{"type":"string","description_kind":"plain","optional":true},"update":{"type":"string","description_kind":"plain","optional":true}},"description_kind":"plain"}}},"description":"Provides a Civo Kubernetes node pool resource. While the default node pool must be defined in the `civo_kubernetes_cluster` resource, this resource can be used to add additional ones to a cluster.","description_kind":"plain"}},"civo_network":{"version":0,"block":{"attributes":{"default":{"type":"bool","description":"If the network is default, this will be `true`","description_kind":"plain","computed":true},"id":{"type":"string","description_kind":"plain","optional":true,"computed":true},"label":{"type":"string","description":"Name for the network","description_kind":"plain","required":true},"name":{"type":"string","description":"The name of the network","description_kind":"plain","computed":true},"region":{"type":"string","description":"The region of the network","description_kind":"plain","optional":true}},"description":"Provides a Civo network resource. This can be used to create, modify, and delete networks.","description_kind":"plain"}},"civo_object_store":{"version":0,"block":{"attributes":{"access_key_id":{"type":"string","description":"The access key id of the Object Store. It is generated by the provider.","description_kind":"plain","computed":true},"endpoint":{"type":"string","description":"The endpoint of the Object Store. It is generated by the provider.","description_kind":"plain","computed":true},"generated_name":{"type":"string","description":"The generated name of the Object Store. It is generated by the provider.","description_kind":"plain","computed":true},"id":{"type":"string","description_kind":"plain","optional":true,"computed":true},"max_size_gb":{"type":"number","description":"The maximum size of the Object Store. Default is 500GB.","description_kind":"plain","optional":true},"name":{"type":"string","description":"The name of the Object Store. Must be unique.","description_kind":"plain","required":true},"region":{"type":"string","description":"The region for the Object Store, if not declared we use the region as declared in the provider (Defaults to LON1)","description_kind":"plain","optional":true},"secret_access_key":{"type":"string","description":"The secret access key of the Object Store. It is generated by the provider.","description_kind":"plain","computed":true},"status":{"type":"string","description":"The status of the Object Store.","description_kind":"plain","computed":true}},"block_types":{"timeouts":{"nesting_mode":"single","block":{"attributes":{"create":{"type":"string","description_kind":"plain","optional":true}},"description_kind":"plain"}}},"description":"Provides an Object Store resource. This can be used to create, modify, and delete obejct stores.","description_kind":"plain"}},"civo_reserved_ip":{"version":0,"block":{"attributes":{"id":{"type":"string","description_kind":"plain","optional":true,"computed":true},"ip":{"type":"string","description":"The IP Address of the resource","description_kind":"plain","computed":true},"name":{"type":"string","description":"Name for the ip address","description_kind":"plain","required":true},"region":{"type":"string","description":"The region of the ip","description_kind":"plain","optional":true,"computed":true}},"description":"Provides a Civo reserved IP to represent a publicly-accessible static IP addresses that can be mapped to one of your Instancesor Load Balancer.","description_kind":"plain"}},"civo_ssh_key":{"version":0,"block":{"attributes":{"fingerprint":{"type":"string","description":"a string containing the SSH finger print.","description_kind":"plain","computed":true},"id":{"type":"string","description_kind":"plain","optional":true,"computed":true},"name":{"type":"string","description":"a string that will be the reference for the SSH key.","description_kind":"plain","required":true},"public_key":{"type":"string","description":"a string containing the SSH public key.","description_kind":"plain","required":true}},"description":"Provides a Civo SSH key resource to allow you to manage SSH keys for instance access. Keys created with this resource can be referenced in your instance configuration via their ID.","description_kind":"plain"}},"civo_volume":{"version":0,"block":{"attributes":{"id":{"type":"string","description_kind":"plain","optional":true,"computed":true},"mount_point":{"type":"string","description":"The mount point of the volume (from instance's perspective)","description_kind":"plain","computed":true},"name":{"type":"string","description":"A name that you wish to use to refer to this volume","description_kind":"plain","required":true},"network_id":{"type":"string","description":"The network that the volume belongs to","description_kind":"plain","required":true},"region":{"type":"string","description":"The region for the volume, if not declare we use the region in declared in the provider.","description_kind":"plain","optional":true},"size_gb":{"type":"number","description":"A minimum of 1 and a maximum of your available disk space from your quota specifies the size of the volume in gigabytes ","description_kind":"plain","required":true}},"description":"Provides a Civo volume which can be attached to an instance in order to provide expanded storage.","description_kind":"plain"}},"civo_volume_attachment":{"version":0,"block":{"attributes":{"id":{"type":"string","description_kind":"plain","optional":true,"computed":true},"instance_id":{"type":"string","description":"The ID of target instance for attachment","description_kind":"plain","required":true},"region":{"type":"string","description":"The region for the volume attachment","description_kind":"plain","optional":true},"volume_id":{"type":"string","description":"The ID of target volume for attachment","description_kind":"plain","required":true}},"description":"Manages volume attachment/detachment to an instance.","description_kind":"plain"}}},"data_source_schemas":{"civo_disk_image":{"version":0,"block":{"attributes":{"diskimages":{"type":["list",["object",{"id":"string","label":"string","name":"string","version":"string"}]],"description_kind":"plain","computed":true},"id":{"type":"string","description_kind":"plain","optional":true,"computed":true},"region":{"type":"string","description":"If is used, all disk image will be from this region. Required if no region is set in provider.","description_kind":"plain","optional":true}},"block_types":{"filter":{"nesting_mode":"set","block":{"attributes":{"all":{"type":"bool","description":"Set to `true` to require that a field match all of the `values` instead of just one or more of them. This is useful when matching against multi-valued fields such as lists or sets where you want to ensure that all of the `values` are present in the list or set.","description_kind":"plain","optional":true},"key":{"type":"string","description":"Filter diskimages by this key. This may be one of `id`, `label`, `name`, `version`.","description_kind":"plain","required":true},"match_by":{"type":"string","description":"One of `exact` (default), `re`, or `substring`. For string-typed fields, specify `re` to match by using the `values` as regular expressions, or specify `substring` to match by treating the `values` as substrings to find within the string field.","description_kind":"plain","optional":true},"values":{"type":["list","string"],"description":"Only retrieves `diskimages` which keys has value that matches one of the values provided here","description_kind":"plain","required":true}},"description":"One or more key/value pairs on which to filter results","description_kind":"plain"}},"sort":{"nesting_mode":"list","block":{"attributes":{"direction":{"type":"string","description":"The sort direction. This may be either `asc` or `desc`.","description_kind":"plain","optional":true},"key":{"type":"string","description":"Sort diskimages by this key. This may be one of `id`, `label`, `name`, `version`.","description_kind":"plain","required":true}},"description":"One or more key/direction pairs on which to sort results","description_kind":"plain"}}},"description":"Get information on an disk image for use in other resources (e.g. creating a instance) with the ability to filter the results.","description_kind":"plain"}},"civo_dns_domain_name":{"version":0,"block":{"attributes":{"id":{"type":"string","description_kind":"plain","optional":true},"name":{"type":"string","description":"The name of the domain","description_kind":"plain","optional":true}},"description":"Get information on a domain. This data source provides the name and the id.\n\nAn error will be raised if the provided domain name is not in your Civo account.","description_kind":"plain"}},"civo_dns_domain_record":{"version":0,"block":{"attributes":{"account_id":{"type":"string","description":"The ID account of the domain","description_kind":"plain","computed":true},"created_at":{"type":"string","description":"The date when it was created in UTC format","description_kind":"plain","computed":true},"domain_id":{"type":"string","description":"The ID of the domain","description_kind":"plain","required":true},"id":{"type":"string","description_kind":"plain","optional":true,"computed":true},"name":{"type":"string","description":"The name of the record","description_kind":"plain","required":true},"priority":{"type":"number","description":"The priority of the record","description_kind":"plain","computed":true},"ttl":{"type":"number","description":"How long caching DNS servers should cache this record","description_kind":"plain","computed":true},"type":{"type":"string","description":"The choice of record type from A, CNAME, MX, SRV or TXT","description_kind":"plain","computed":true},"updated_at":{"type":"string","description":"The date when it was updated in UTC format","description_kind":"plain","computed":true},"value":{"type":"string","description":"The IP address (A or MX), hostname (CNAME or MX) or text value (TXT) to serve for this record","description_kind":"plain","computed":true}},"description":"Get information on a DNS record. This data source provides the name, TTL, and zone file as configured on your Civo account.\n\nAn error will be raised if the provided domain name or record are not in your Civo account.","description_kind":"plain"}},"civo_firewall":{"version":0,"block":{"attributes":{"id":{"type":"string","description_kind":"plain","optional":true},"name":{"type":"string","description":"The name of the firewall","description_kind":"plain","optional":true},"network_id":{"type":"string","description":"The id of the associated network","description_kind":"plain","computed":true},"region":{"type":"string","description":"The region where the firewall is","description_kind":"plain","optional":true}},"description":"Retrieve information about a firewall for use in other resources.\n\nThis data source provides all of the firewall's properties as configured on your Civo account.\n\nFirewalls may be looked up by id or name, and you can optionally pass region if you want to make a lookup for an expecific firewall inside that region.","description_kind":"plain"}},"civo_instance":{"version":0,"block":{"attributes":{"cpu_cores":{"type":"number","description":"Total cpu of the inatance","description_kind":"plain","computed":true},"created_at":{"type":"string","description":"The date of creation of the instance","description_kind":"plain","computed":true},"disk_gb":{"type":"number","description":"The size of the disk","description_kind":"plain","computed":true},"firewall_id":{"type":"string","description":"The ID of the firewall used","description_kind":"plain","computed":true},"hostname":{"type":"string","description":"The hostname of the Instance","description_kind":"plain","optional":true},"id":{"type":"string","description_kind":"plain","optional":true},"initial_password":{"type":"string","description":"Instance initial password","description_kind":"plain","computed":true},"initial_user":{"type":"string","description":"The name of the initial user created on the server","description_kind":"plain","computed":true},"network_id":{"type":"string","description":"his will be the ID of the network","description_kind":"plain","computed":true},"notes":{"type":"string","description":"The notes of the instance","description_kind":"plain","computed":true},"private_ip":{"type":"string","description":"The private IP","description_kind":"plain","computed":true},"pseudo_ip":{"type":"string","description":"Is the ip that is used to route the public ip from the internet to the instance using NAT","description_kind":"plain","computed":true},"public_ip":{"type":"string","description":"The public IP","description_kind":"plain","computed":true},"ram_mb":{"type":"number","description":"Total ram of the instance","description_kind":"plain","computed":true},"region":{"type":"string","description":"The region of an existing Instance","description_kind":"plain","optional":true},"reverse_dns":{"type":"string","description":"A fully qualified domain name","description_kind":"plain","computed":true},"script":{"type":"string","description":"The contents of a script uploaded","description_kind":"plain","computed":true},"size":{"type":"string","description":"The name of the size","description_kind":"plain","computed":true},"sshkey_id":{"type":"string","description":"The ID SSH key","description_kind":"plain","computed":true},"status":{"type":"string","description":"The status of the instance","description_kind":"plain","computed":true},"tags":{"type":["set","string"],"description":"An optional list of tags","description_kind":"plain","computed":true},"template":{"type":"string","description":"The ID for the disk image/template to used to build the instance","description_kind":"plain","computed":true}},"description":"Get information on an instance for use in other resources. This data source provides all of the instance's properties as configured on your Civo account.\n\nNote: This data source returns a single instance. When specifying a hostname, an error will be raised if more than one instances found.","description_kind":"plain"}},"civo_instances":{"version":0,"block":{"attributes":{"id":{"type":"string","description_kind":"plain","optional":true,"computed":true},"instances":{"type":["list",["object",{"cpu_cores":"number","created_at":"string","disk_gb":"number","firewall_id":"string","hostname":"string","id":"string","initial_password":"string","initial_user":"string","network_id":"string","notes":"string","private_ip":"string","pseudo_ip":"string","public_ip":"string","ram_mb":"number","region":"string","reverse_dns":"string","script":"string","size":"string","sshkey_id":"string","status":"string","tags":["set","string"],"template":"string"}]],"description_kind":"plain","computed":true},"region":{"type":"string","description":"If used, all instances will be from the provided region","description_kind":"plain","optional":true}},"block_types":{"filter":{"nesting_mode":"set","block":{"attributes":{"all":{"type":"bool","description":"Set to `true` to require that a field match all of the `values` instead of just one or more of them. This is useful when matching against multi-valued fields such as lists or sets where you want to ensure that all of the `values` are present in the list or set.","description_kind":"plain","optional":true},"key":{"type":"string","description":"Filter instances by this key. This may be one of `cpu_cores`, `created_at`, `disk_gb`, `firewall_id`, `hostname`, `id`, `initial_password`, `initial_user`, `network_id`, `notes`, `private_ip`, `pseudo_ip`, `public_ip`, `ram_mb`, `region`, `reverse_dns`, `script`, `size`, `sshkey_id`, `status`, `tags`, `template`.","description_kind":"plain","required":true},"match_by":{"type":"string","description":"One of `exact` (default), `re`, or `substring`. For string-typed fields, specify `re` to match by using the `values` as regular expressions, or specify `substring` to match by treating the `values` as substrings to find within the string field.","description_kind":"plain","optional":true},"values":{"type":["list","string"],"description":"Only retrieves `instances` which keys has value that matches one of the values provided here","description_kind":"plain","required":true}},"description":"One or more key/value pairs on which to filter results","description_kind":"plain"}},"sort":{"nesting_mode":"list","block":{"attributes":{"direction":{"type":"string","description":"The sort direction. This may be either `asc` or `desc`.","description_kind":"plain","optional":true},"key":{"type":"string","description":"Sort instances by this key. This may be one of `cpu_cores`, `created_at`, `disk_gb`, `firewall_id`, `hostname`, `id`, `initial_password`, `initial_user`, `network_id`, `notes`, `private_ip`, `pseudo_ip`, `public_ip`, `ram_mb`, `region`, `reverse_dns`, `script`, `size`, `sshkey_id`, `status`, `template`.","description_kind":"plain","required":true}},"description":"One or more key/direction pairs on which to sort results","description_kind":"plain"}}},"description":"Get information on instances for use in other resources, with the ability to filter and sort the results. If no filters are specified, all instances will be returned.\n\nNote: You can use the `civo_instance` data source to obtain metadata about a single instance if you already know the id, unique hostname, or unique tag to retrieve.","description_kind":"plain"}},"civo_instances_size":{"version":0,"block":{"attributes":{"id":{"type":"string","description_kind":"plain","optional":true,"computed":true},"sizes":{"type":["list",["object",{"cpu":"number","description":"string","disk":"number","name":"string","ram":"number","selectable":"bool","type":"string"}]],"description_kind":"plain","computed":true}},"block_types":{"filter":{"nesting_mode":"set","block":{"attributes":{"all":{"type":"bool","description":"Set to `true` to require that a field match all of the `values` instead of just one or more of them. This is useful when matching against multi-valued fields such as lists or sets where you want to ensure that all of the `values` are present in the list or set.","description_kind":"plain","optional":true},"key":{"type":"string","description":"Filter sizes by this key. This may be one of `cpu`, `description`, `disk`, `name`, `ram`, `selectable`, `type`.","description_kind":"plain","required":true},"match_by":{"type":"string","description":"One of `exact` (default), `re`, or `substring`. For string-typed fields, specify `re` to match by using the `values` as regular expressions, or specify `substring` to match by treating the `values` as substrings to find within the string field.","description_kind":"plain","optional":true},"values":{"type":["list","string"],"description":"Only retrieves `sizes` which keys has value that matches one of the values provided here","description_kind":"plain","required":true}},"description":"One or more key/value pairs on which to filter results","description_kind":"plain"}},"sort":{"nesting_mode":"list","block":{"attributes":{"direction":{"type":"string","description":"The sort direction. This may be either `asc` or `desc`.","description_kind":"plain","optional":true},"key":{"type":"string","description":"Sort sizes by this key. This may be one of `cpu`, `description`, `disk`, `name`, `ram`, `selectable`, `type`.","description_kind":"plain","required":true}},"description":"One or more key/direction pairs on which to sort results","description_kind":"plain"}}},"description":"Retrieves information about the instance sizes that Civo supports, with the ability to filter the results.","description_kind":"plain","deprecated":true}},"civo_kubernetes_cluster":{"version":0,"block":{"attributes":{"api_endpoint":{"type":"string","description":"The base URL of the API server on the Kubernetes master node","description_kind":"plain","computed":true},"applications":{"type":"string","description":"A list of application installed","description_kind":"plain","computed":true},"cni":{"type":"string","description":"The cni for the k3s to install (the default is `flannel`) valid options are `cilium` or `flannel`","description_kind":"plain","computed":true},"created_at":{"type":"string","description":"The date where the Kubernetes cluster was create","description_kind":"plain","computed":true},"dns_entry":{"type":"string","description":"The unique dns entry for the cluster in this case point to the master","description_kind":"plain","computed":true},"id":{"type":"string","description_kind":"plain","optional":true},"installed_applications":{"type":["list",["object",{"application":"string","category":"string","installed":"bool","version":"string"}]],"description_kind":"plain","computed":true},"kubeconfig":{"type":"string","description":"A representation of the Kubernetes cluster's kubeconfig in yaml format","description_kind":"plain","computed":true},"kubernetes_version":{"type":"string","description":"The version of Kubernetes","description_kind":"plain","computed":true},"master_ip":{"type":"string","description":"The IP of the Kubernetes master node","description_kind":"plain","computed":true},"name":{"type":"string","description":"The name of the Kubernetes Cluster","description_kind":"plain","optional":true},"num_target_nodes":{"type":"number","description":"The size of the Kubernetes cluster","description_kind":"plain","deprecated":true,"computed":true},"pools":{"type":["list",["object",{"instance_names":["set","string"],"label":"string","node_count":"number","size":"string"}]],"description_kind":"plain","computed":true},"ready":{"type":"bool","description":"If the Kubernetes cluster is ready","description_kind":"plain","computed":true},"region":{"type":"string","description":"The region where cluster is running","description_kind":"plain","optional":true},"status":{"type":"string","description":"The status of Kubernetes cluster","description_kind":"plain","computed":true},"tags":{"type":["set","string"],"description":"A list of tags","description_kind":"plain","computed":true},"target_nodes_size":{"type":"string","description":"The size of each node","description_kind":"plain","deprecated":true,"computed":true}},"description":"Provides a Civo Kubernetes cluster data source.\n\nNote: This data source returns a single Kubernetes cluster. When specifying a name, an error will be raised if more than one Kubernetes cluster found.","description_kind":"plain"}},"civo_kubernetes_version":{"version":0,"block":{"attributes":{"id":{"type":"string","description_kind":"plain","optional":true,"computed":true},"versions":{"type":["list",["object",{"default":"bool","label":"string","type":"string","version":"string"}]],"description_kind":"plain","computed":true}},"block_types":{"filter":{"nesting_mode":"set","block":{"attributes":{"all":{"type":"bool","description":"Set to `true` to require that a field match all of the `values` instead of just one or more of them. This is useful when matching against multi-valued fields such as lists or sets where you want to ensure that all of the `values` are present in the list or set.","description_kind":"plain","optional":true},"key":{"type":"string","description":"Filter versions by this key. This may be one of `default`, `label`, `type`, `version`.","description_kind":"plain","required":true},"match_by":{"type":"string","description":"One of `exact` (default), `re`, or `substring`. For string-typed fields, specify `re` to match by using the `values` as regular expressions, or specify `substring` to match by treating the `values` as substrings to find within the string field.","description_kind":"plain","optional":true},"values":{"type":["list","string"],"description":"Only retrieves `versions` which keys has value that matches one of the values provided here","description_kind":"plain","required":true}},"description":"One or more key/value pairs on which to filter results","description_kind":"plain"}},"sort":{"nesting_mode":"list","block":{"attributes":{"direction":{"type":"string","description":"The sort direction. This may be either `asc` or `desc`.","description_kind":"plain","optional":true},"key":{"type":"string","description":"Sort versions by this key. This may be one of `default`, `label`, `type`, `version`.","description_kind":"plain","required":true}},"description":"One or more key/direction pairs on which to sort results","description_kind":"plain"}}},"description":"Provides access to the available Civo Kubernetes versions, with the ability to filter the results.","description_kind":"plain"}},"civo_loadbalancer":{"version":0,"block":{"attributes":{"algorithm":{"type":"string","description":"The algorithm used by the load balancer","description_kind":"plain","computed":true},"backends":{"type":["list",["object",{"health_check_port":"number","ip":"string","protocol":"string","source_port":"number","target_port":"number"}]],"description_kind":"plain","computed":true},"cluster_id":{"type":"string","description":"The cluster id of the load balancer","description_kind":"plain","computed":true},"enable_proxy_protocol":{"type":"string","description":"The enabled proxy protocol of the load balancer","description_kind":"plain","computed":true},"external_traffic_policy":{"type":"string","description":"The external traffic policy of the load balancer","description_kind":"plain","computed":true},"firewall_id":{"type":"string","description":"The firewall id of the load balancer","description_kind":"plain","computed":true},"id":{"type":"string","description":"The id of the load balancer to retrieve (You can find this id from service annotations 'kubernetes.civo.com/loadbalancer-id')","description_kind":"plain","optional":true},"name":{"type":"string","description":"The name of the load balancer (You can find this name from service annotations 'kubernetes.civo.com/loadbalancer-name')","description_kind":"plain","optional":true},"private_ip":{"type":"string","description":"The private ip of the load balancer","description_kind":"plain","computed":true},"public_ip":{"type":"string","description":"The public ip of the load balancer","description_kind":"plain","computed":true},"region":{"type":"string","description":"The region of the load balancer, if you delcare this field, the datasource will use this value instead of the one defined in the provider","description_kind":"plain","optional":true},"session_affinity":{"type":"string","description":"The session affinity of the load balancer","description_kind":"plain","computed":true},"session_affinity_config_timeout":{"type":"number","description":"The session affinity config timeout of the load balancer","description_kind":"plain","computed":true},"state":{"type":"string","description":"The state of the load balancer","description_kind":"plain","computed":true}},"description":"Get information on a load balancer for use in other resources. This data source provides all of the load balancers properties as configured on your Civo account.\n\nAn error will be raised if the provided load balancer name does not exist in your Civo account.","description_kind":"plain"}},"civo_network":{"version":0,"block":{"attributes":{"default":{"type":"bool","description":"If is the default network","description_kind":"plain","computed":true},"id":{"type":"string","description_kind":"plain","optional":true},"label":{"type":"string","description":"The label of an existing network","description_kind":"plain","optional":true},"name":{"type":"string","description":"The name of the network","description_kind":"plain","computed":true},"region":{"type":"string","description":"The region of an existing network","description_kind":"plain","optional":true}},"description":"Retrieve information about a network for use in other resources.\n\nThis data source provides all of the network's properties as configured on your Civo account.\n\nNetworks may be looked up by id or label, and you can optionally pass region if you want to make a lookup for an expecific network inside that region.","description_kind":"plain"}},"civo_object_store":{"version":0,"block":{"attributes":{"access_key_id":{"type":"string","description":"The access key id of the Object Store","description_kind":"plain","computed":true},"endpoint":{"type":"string","description":"The endpoint of the Object Store","description_kind":"plain","computed":true},"generated_name":{"type":"string","description":"The generated name of the Object Store","description_kind":"plain","computed":true},"id":{"type":"string","description":"The ID of the Object Store","description_kind":"plain","optional":true},"max_size_gb":{"type":"number","description":"The maximum size of the Object Store","description_kind":"plain","optional":true},"name":{"type":"string","description":"The name of the Object Store","description_kind":"plain","optional":true},"region":{"type":"string","description":"The region of an existing Object Store","description_kind":"plain","optional":true},"secret_access_key":{"type":"string","description":"The secret access key of the Object Store","description_kind":"plain","computed":true},"status":{"type":"string","description":"The status of the Object Store","description_kind":"plain","computed":true}},"description":"Get information of an Object Store for use in other resources. This data source provides all of the Object Store's properties as configured on your Civo account.\n\nNote: This data source returns a single Object Store. When specifying a name, an error will be raised if more than one Object Stores with the same name found.","description_kind":"plain"}},"civo_region":{"version":0,"block":{"attributes":{"id":{"type":"string","description_kind":"plain","optional":true,"computed":true},"regions":{"type":["list",["object",{"code":"string","country":"string","default":"bool","name":"string"}]],"description_kind":"plain","computed":true}},"block_types":{"filter":{"nesting_mode":"set","block":{"attributes":{"all":{"type":"bool","description":"Set to `true` to require that a field match all of the `values` instead of just one or more of them. This is useful when matching against multi-valued fields such as lists or sets where you want to ensure that all of the `values` are present in the list or set.","description_kind":"plain","optional":true},"key":{"type":"string","description":"Filter regions by this key. This may be one of `code`, `country`, `default`, `name`.","description_kind":"plain","required":true},"match_by":{"type":"string","description":"One of `exact` (default), `re`, or `substring`. For string-typed fields, specify `re` to match by using the `values` as regular expressions, or specify `substring` to match by treating the `values` as substrings to find within the string field.","description_kind":"plain","optional":true},"values":{"type":["list","string"],"description":"Only retrieves `regions` which keys has value that matches one of the values provided here","description_kind":"plain","required":true}},"description":"One or more key/value pairs on which to filter results","description_kind":"plain"}},"sort":{"nesting_mode":"list","block":{"attributes":{"direction":{"type":"string","description":"The sort direction. This may be either `asc` or `desc`.","description_kind":"plain","optional":true},"key":{"type":"string","description":"Sort regions by this key. This may be one of `code`, `country`, `default`, `name`.","description_kind":"plain","required":true}},"description":"One or more key/direction pairs on which to sort results","description_kind":"plain"}}},"description":"Retrieves information about the region that Civo supports, with the ability to filter the results.","description_kind":"plain"}},"civo_reserved_ip":{"version":0,"block":{"attributes":{"id":{"type":"string","description":"ID for the ip address","description_kind":"plain","optional":true},"instance_id":{"type":"string","description":"The ID of the instance the IP is attached to","description_kind":"plain","computed":true},"instance_name":{"type":"string","description":"The name of the instance the IP is attached to","description_kind":"plain","computed":true},"ip":{"type":"string","description":"The IP Address requested","description_kind":"plain","computed":true},"name":{"type":"string","description":"Name for the ip address","description_kind":"plain","optional":true},"region":{"type":"string","description":"The region the ip address is in","description_kind":"plain","computed":true}},"description":"Get information on a reserved IP. This data source provides the region and Instance id as configured on your Civo account.\n\nThis is useful if the reserved IP in question is not managed by Terraform or you need to find the instance the IP is attached to.\n\nAn error will be raised if the provided domain name is not in your Civo account.","description_kind":"plain"}},"civo_size":{"version":0,"block":{"attributes":{"id":{"type":"string","description_kind":"plain","optional":true,"computed":true},"sizes":{"type":["list",["object",{"cpu":"number","description":"string","disk":"number","name":"string","ram":"number","selectable":"bool","type":"string"}]],"description_kind":"plain","computed":true}},"block_types":{"filter":{"nesting_mode":"set","block":{"attributes":{"all":{"type":"bool","description":"Set to `true` to require that a field match all of the `values` instead of just one or more of them. This is useful when matching against multi-valued fields such as lists or sets where you want to ensure that all of the `values` are present in the list or set.","description_kind":"plain","optional":true},"key":{"type":"string","description":"Filter sizes by this key. This may be one of `cpu`, `description`, `disk`, `name`, `ram`, `selectable`, `type`.","description_kind":"plain","required":true},"match_by":{"type":"string","description":"One of `exact` (default), `re`, or `substring`. For string-typed fields, specify `re` to match by using the `values` as regular expressions, or specify `substring` to match by treating the `values` as substrings to find within the string field.","description_kind":"plain","optional":true},"values":{"type":["list","string"],"description":"Only retrieves `sizes` which keys has value that matches one of the values provided here","description_kind":"plain","required":true}},"description":"One or more key/value pairs on which to filter results","description_kind":"plain"}},"sort":{"nesting_mode":"list","block":{"attributes":{"direction":{"type":"string","description":"The sort direction. This may be either `asc` or `desc`.","description_kind":"plain","optional":true},"key":{"type":"string","description":"Sort sizes by this key. This may be one of `cpu`, `description`, `disk`, `name`, `ram`, `selectable`, `type`.","description_kind":"plain","required":true}},"description":"One or more key/direction pairs on which to sort results","description_kind":"plain"}}},"description":"Retrieves information about the sizes that Civo supports, with the ability to filter the results.","description_kind":"plain"}},"civo_ssh_key":{"version":0,"block":{"attributes":{"fingerprint":{"type":"string","description":"The fingerprint of the public key of the SSH key","description_kind":"plain","computed":true},"id":{"type":"string","description_kind":"plain","optional":true},"name":{"type":"string","description":"The name of the SSH key","description_kind":"plain","optional":true}},"description":"Get information on a SSH key. This data source provides the name, and fingerprint as configured on your Civo account.\n\nAn error will be raised if the provided SSH key name does not exist in your Civo account.","description_kind":"plain"}},"civo_volume":{"version":0,"block":{"attributes":{"created_at":{"type":"string","description":"The date of the creation of the volume","description_kind":"plain","computed":true},"id":{"type":"string","description_kind":"plain","optional":true},"mount_point":{"type":"string","description":"The mount point of the volume","description_kind":"plain","computed":true},"name":{"type":"string","description":"The name of the volume","description_kind":"plain","optional":true},"region":{"type":"string","description":"The region where volume is running","description_kind":"plain","optional":true},"size_gb":{"type":"number","description":"The size of the volume (in GB)","description_kind":"plain","computed":true}},"description":"Get information on a volume for use in other resources. This data source provides all of the volumes properties as configured on your Civo account.\n\nAn error will be raised if the provided volume name does not exist in your Civo account.","description_kind":"plain"}}}}}}
